
Microsoft Visual Studio Solution File, Format Version 12.00
# Visual Studio Version 17
VisualStudioVersion = 17.13.35919.96
MinimumVisualStudioVersion = 10.0.40219.1
Project("{FAE04EC0-301F-11D3-BF4B-00C04F79EFBC}") = "Day2Lab", "Day2Lab\Day2Lab.csproj", "{15078F0D-01D7-43A4-A792-726E6EE55066}"
EndProject
Project("{FAE04EC0-301F-11D3-BF4B-00C04F79EFBC}") = "Day3Lab", "Day3Lab\Day3Lab.csproj", "{E8ED5B43-F205-40DB-B612-226AB340D626}"
EndProject
Project("{FAE04EC0-301F-11D3-BF4B-00C04F79EFBC}") = "Day4Lab", "Day4Lab\Day4Lab.csproj", "{455C16D5-5FB1-4F86-ADBF-D22003D3F7C8}"
EndProject
Project("{FAE04EC0-301F-11D3-BF4B-00C04F79EFBC}") = "Day5Lab", "Day5Lab\Day5Lab.csproj", "{2AE8A81B-CF41-40CA-8DFF-DE39E234C3A6}"
EndProject
Project("{FAE04EC0-301F-11D3-BF4B-00C04F79EFBC}") = "MyFirstWinFormApp", "MyFirstWinFormApp\MyFirstWinFormApp.csproj", "{5589532C-F743-40C4-A55C-56F15EEF9A46}"
EndProject
Project("{FAE04EC0-301F-11D3-BF4B-00C04F79EFBC}") = "Day6Lab", "Day6Lab\Day6Lab.csproj", "{742BB175-D482-4616-AC1C-E31C1A39DCC6}"
EndProject
Project("{FAE04EC0-301F-11D3-BF4B-00C04F79EFBC}") = "CleanMethod", "CleanMethod\CleanMethod.csproj", "{0CFCC759-0AA0-4756-9A71-352D82CC774E}"
EndProject
Project("{FAE04EC0-301F-11D3-BF4B-00C04F79EFBC}") = "MyClassLibrary", "MyClassLibrary\MyClassLibrary.csproj", "{72C0E24F-6EE3-4ECF-B613-7197B3A243CA}"
EndProject
Project("{FAE04EC0-301F-11D3-BF4B-00C04F79EFBC}") = "Day7Lab", "Day7Lab\Day7Lab.csproj", "{D23EA011-82BB-43B2-870C-5DA294571B44}"
EndProject
Project("{FAE04EC0-301F-11D3-BF4B-00C04F79EFBC}") = "IO_Demo", "IO_Demo\IO_Demo.csproj", "{39DAA0D9-C8EF-47C5-9A4C-E9410A18F87B}"
EndProject
Project("{FAE04EC0-301F-11D3-BF4B-00C04F79EFBC}") = "Day8Lab", "Day8Lab\Day8Lab.csproj", "{BA80B1CF-84F8-4161-AFE7-D52057E50ABD}"
EndProject
Project("{FAE04EC0-301F-11D3-BF4B-00C04F79EFBC}") = "Day9LabADOConnection", "Day9LabADOConnection\Day9LabADOConnection.csproj", "{E172688B-C51C-422C-2099-12BF10143B79}"
EndProject
Project("{FAE04EC0-301F-11D3-BF4B-00C04F79EFBC}") = "Day10Lab", "Day10Lab\Day10Lab.csproj", "{88B39B2B-8DEB-4A7A-A136-6AADC7E48B3F}"
EndProject
Project("{FAE04EC0-301F-11D3-BF4B-00C04F79EFBC}") = "Day10CodeFirstLab", "Day10CodeFirstLab\Day10CodeFirstLab.csproj", "{18A1F4CF-D001-40B1-A884-D8A693E7A202}"
EndProject
Project("{FAE04EC0-301F-11D3-BF4B-00C04F79EFBC}") = "Day11Day1CssDatabaseFirstLab", "Day11Day1CssDatabaseFirstLab\Day11Day1CssDatabaseFirstLab.csproj", "{EA60167B-58C0-4456-AB23-24DA1810F58E}"
EndProject
Project("{FAE04EC0-301F-11D3-BF4B-00C04F79EFBC}") = "Day11HTMLCssLab", "Day11HTMLCssLab\Day11HTMLCssLab.csproj", "{BC44A31E-CC98-47E6-A21A-7AFED0C26365}"
EndProject
Global
	GlobalSection(SolutionConfigurationPlatforms) = preSolution
		Debug|Any CPU = Debug|Any CPU
		Release|Any CPU = Release|Any CPU
	EndGlobalSection
	GlobalSection(ProjectConfigurationPlatforms) = postSolution
		{15078F0D-01D7-43A4-A792-726E6EE55066}.Debug|Any CPU.ActiveCfg = Debug|Any CPU
		{15078F0D-01D7-43A4-A792-726E6EE55066}.Debug|Any CPU.Build.0 = Debug|Any CPU
		{15078F0D-01D7-43A4-A792-726E6EE55066}.Release|Any CPU.ActiveCfg = Release|Any CPU
		{15078F0D-01D7-43A4-A792-726E6EE55066}.Release|Any CPU.Build.0 = Release|Any CPU
		{E8ED5B43-F205-40DB-B612-226AB340D626}.Debug|Any CPU.ActiveCfg = Debug|Any CPU
		{E8ED5B43-F205-40DB-B612-226AB340D626}.Debug|Any CPU.Build.0 = Debug|Any CPU
		{E8ED5B43-F205-40DB-B612-226AB340D626}.Release|Any CPU.ActiveCfg = Release|Any CPU
		{E8ED5B43-F205-40DB-B612-226AB340D626}.Release|Any CPU.Build.0 = Release|Any CPU
		{455C16D5-5FB1-4F86-ADBF-D22003D3F7C8}.Debug|Any CPU.ActiveCfg = Debug|Any CPU
		{455C16D5-5FB1-4F86-ADBF-D22003D3F7C8}.Debug|Any CPU.Build.0 = Debug|Any CPU
		{455C16D5-5FB1-4F86-ADBF-D22003D3F7C8}.Release|Any CPU.ActiveCfg = Release|Any CPU
		{455C16D5-5FB1-4F86-ADBF-D22003D3F7C8}.Release|Any CPU.Build.0 = Release|Any CPU
		{2AE8A81B-CF41-40CA-8DFF-DE39E234C3A6}.Debug|Any CPU.ActiveCfg = Debug|Any CPU
		{2AE8A81B-CF41-40CA-8DFF-DE39E234C3A6}.Debug|Any CPU.Build.0 = Debug|Any CPU
		{2AE8A81B-CF41-40CA-8DFF-DE39E234C3A6}.Release|Any CPU.ActiveCfg = Release|Any CPU
		{2AE8A81B-CF41-40CA-8DFF-DE39E234C3A6}.Release|Any CPU.Build.0 = Release|Any CPU
		{5589532C-F743-40C4-A55C-56F15EEF9A46}.Debug|Any CPU.ActiveCfg = Debug|Any CPU
		{5589532C-F743-40C4-A55C-56F15EEF9A46}.Debug|Any CPU.Build.0 = Debug|Any CPU
		{5589532C-F743-40C4-A55C-56F15EEF9A46}.Release|Any CPU.ActiveCfg = Release|Any CPU
		{5589532C-F743-40C4-A55C-56F15EEF9A46}.Release|Any CPU.Build.0 = Release|Any CPU
		{742BB175-D482-4616-AC1C-E31C1A39DCC6}.Debug|Any CPU.ActiveCfg = Debug|Any CPU
		{742BB175-D482-4616-AC1C-E31C1A39DCC6}.Debug|Any CPU.Build.0 = Debug|Any CPU
		{742BB175-D482-4616-AC1C-E31C1A39DCC6}.Release|Any CPU.ActiveCfg = Release|Any CPU
		{742BB175-D482-4616-AC1C-E31C1A39DCC6}.Release|Any CPU.Build.0 = Release|Any CPU
		{0CFCC759-0AA0-4756-9A71-352D82CC774E}.Debug|Any CPU.ActiveCfg = Debug|Any CPU
		{0CFCC759-0AA0-4756-9A71-352D82CC774E}.Debug|Any CPU.Build.0 = Debug|Any CPU
		{0CFCC759-0AA0-4756-9A71-352D82CC774E}.Release|Any CPU.ActiveCfg = Release|Any CPU
		{0CFCC759-0AA0-4756-9A71-352D82CC774E}.Release|Any CPU.Build.0 = Release|Any CPU
		{72C0E24F-6EE3-4ECF-B613-7197B3A243CA}.Debug|Any CPU.ActiveCfg = Debug|Any CPU
		{72C0E24F-6EE3-4ECF-B613-7197B3A243CA}.Debug|Any CPU.Build.0 = Debug|Any CPU
		{72C0E24F-6EE3-4ECF-B613-7197B3A243CA}.Release|Any CPU.ActiveCfg = Release|Any CPU
		{72C0E24F-6EE3-4ECF-B613-7197B3A243CA}.Release|Any CPU.Build.0 = Release|Any CPU
		{D23EA011-82BB-43B2-870C-5DA294571B44}.Debug|Any CPU.ActiveCfg = Debug|Any CPU
		{D23EA011-82BB-43B2-870C-5DA294571B44}.Debug|Any CPU.Build.0 = Debug|Any CPU
		{D23EA011-82BB-43B2-870C-5DA294571B44}.Release|Any CPU.ActiveCfg = Release|Any CPU
		{D23EA011-82BB-43B2-870C-5DA294571B44}.Release|Any CPU.Build.0 = Release|Any CPU
		{39DAA0D9-C8EF-47C5-9A4C-E9410A18F87B}.Debug|Any CPU.ActiveCfg = Debug|Any CPU
		{39DAA0D9-C8EF-47C5-9A4C-E9410A18F87B}.Debug|Any CPU.Build.0 = Debug|Any CPU
		{39DAA0D9-C8EF-47C5-9A4C-E9410A18F87B}.Release|Any CPU.ActiveCfg = Release|Any CPU
		{39DAA0D9-C8EF-47C5-9A4C-E9410A18F87B}.Release|Any CPU.Build.0 = Release|Any CPU
		{BA80B1CF-84F8-4161-AFE7-D52057E50ABD}.Debug|Any CPU.ActiveCfg = Debug|Any CPU
		{BA80B1CF-84F8-4161-AFE7-D52057E50ABD}.Debug|Any CPU.Build.0 = Debug|Any CPU
		{BA80B1CF-84F8-4161-AFE7-D52057E50ABD}.Release|Any CPU.ActiveCfg = Release|Any CPU
		{BA80B1CF-84F8-4161-AFE7-D52057E50ABD}.Release|Any CPU.Build.0 = Release|Any CPU
		{E172688B-C51C-422C-2099-12BF10143B79}.Debug|Any CPU.ActiveCfg = Debug|Any CPU
		{E172688B-C51C-422C-2099-12BF10143B79}.Debug|Any CPU.Build.0 = Debug|Any CPU
		{E172688B-C51C-422C-2099-12BF10143B79}.Release|Any CPU.ActiveCfg = Release|Any CPU
		{E172688B-C51C-422C-2099-12BF10143B79}.Release|Any CPU.Build.0 = Release|Any CPU
		{88B39B2B-8DEB-4A7A-A136-6AADC7E48B3F}.Debug|Any CPU.ActiveCfg = Debug|Any CPU
		{88B39B2B-8DEB-4A7A-A136-6AADC7E48B3F}.Debug|Any CPU.Build.0 = Debug|Any CPU
		{88B39B2B-8DEB-4A7A-A136-6AADC7E48B3F}.Release|Any CPU.ActiveCfg = Release|Any CPU
		{88B39B2B-8DEB-4A7A-A136-6AADC7E48B3F}.Release|Any CPU.Build.0 = Release|Any CPU
		{18A1F4CF-D001-40B1-A884-D8A693E7A202}.Debug|Any CPU.ActiveCfg = Debug|Any CPU
		{18A1F4CF-D001-40B1-A884-D8A693E7A202}.Debug|Any CPU.Build.0 = Debug|Any CPU
		{18A1F4CF-D001-40B1-A884-D8A693E7A202}.Release|Any CPU.ActiveCfg = Release|Any CPU
		{18A1F4CF-D001-40B1-A884-D8A693E7A202}.Release|Any CPU.Build.0 = Release|Any CPU
		{EA60167B-58C0-4456-AB23-24DA1810F58E}.Debug|Any CPU.ActiveCfg = Debug|Any CPU
		{EA60167B-58C0-4456-AB23-24DA1810F58E}.Debug|Any CPU.Build.0 = Debug|Any CPU
		{EA60167B-58C0-4456-AB23-24DA1810F58E}.Release|Any CPU.ActiveCfg = Release|Any CPU
		{EA60167B-58C0-4456-AB23-24DA1810F58E}.Release|Any CPU.Build.0 = Release|Any CPU
		{BC44A31E-CC98-47E6-A21A-7AFED0C26365}.Debug|Any CPU.ActiveCfg = Debug|Any CPU
		{BC44A31E-CC98-47E6-A21A-7AFED0C26365}.Debug|Any CPU.Build.0 = Debug|Any CPU
		{BC44A31E-CC98-47E6-A21A-7AFED0C26365}.Release|Any CPU.ActiveCfg = Release|Any CPU
		{BC44A31E-CC98-47E6-A21A-7AFED0C26365}.Release|Any CPU.Build.0 = Release|Any CPU
	EndGlobalSection
	GlobalSection(SolutionProperties) = preSolution
		HideSolutionNode = FALSE
	EndGlobalSection
	GlobalSection(ExtensibilityGlobals) = postSolution
		SolutionGuid = {C5254590-48D0-4C84-B011-F5728680A15C}
	EndGlobalSection
EndGlobal
